PODS:
  - AnalyticTD (0.1.2):
    - GamePluginBase
    - TalkingData-GameAnalytics (~> 3.2.5)
  - BlocksKit (2.2.5):
    - BlocksKit/All (= 2.2.5)
  - BlocksKit/All (2.2.5):
    - BlocksKit/Core
    - BlocksKit/DynamicDelegate
    - BlocksKit/MessageUI
    - BlocksKit/UIKit
  - BlocksKit/Core (2.2.5)
  - BlocksKit/DynamicDelegate (2.2.5)
  - BlocksKit/MessageUI (2.2.5):
    - BlocksKit/Core
    - BlocksKit/DynamicDelegate
  - BlocksKit/UIKit (2.2.5):
    - BlocksKit/Core
    - BlocksKit/DynamicDelegate
  - GamePluginBase (0.1.7):
    - BlocksKit (~> 2.2.5)
    - MBProgressHUD (~> 0.9.1)
    - Reachability (~> 3.2)
  - MBProgressHUD (0.9.2)
  - Reachability (3.2)
  - TalkingData-GameAnalytics (3.2.5)

DEPENDENCIES:
  - AnalyticTD (from `../`)

EXTERNAL SOURCES:
  AnalyticTD:
    :path: ../

SPEC CHECKSUMS:
  AnalyticTD: f87b2d2aa7e3f0abacaa9fa7e1229afa307912d3
  BlocksKit: 7f422b971407001178d181a43b99014ea2591fe6
  GamePluginBase: f154df85a4134b2165697728bdab164aaf8681d0
  MBProgressHUD: 1569cf7ace17a8bac47aabfbb8580a49690386d1
  Reachability: 33e18b67625424e47b6cde6d202dce689ad7af96
  TalkingData-GameAnalytics: a9ec66ca65288339c9dd0415ed47e0db186cbf3e

PODFILE CHECKSUM: 9e6b245ab24fadda1be91d941e0b91d3fee8a712

COCOAPODS: 1.0.1
