PODS:
  - AnalyticTD (0.1.5):
    - GamePluginBase
  - BlocksKit (2.2.5):
    - BlocksKit/All (= 2.2.5)
  - BlocksKit/All (2.2.5):
    - BlocksKit/Core
    - BlocksKit/DynamicDelegate
    - BlocksKit/MessageUI
    - BlocksKit/UIKit
  - BlocksKit/Core (2.2.5)
  - BlocksKit/DynamicDelegate (2.2.5)
  - BlocksKit/MessageUI (2.2.5):
    - BlocksKit/Core
    - BlocksKit/DynamicDelegate
  - BlocksKit/UIKit (2.2.5):
    - BlocksKit/Core
    - BlocksKit/DynamicDelegate
  - GamePluginBase (0.1.7):
    - BlocksKit (~> 2.2.5)
    - MBProgressHUD (~> 0.9.1)
    - Reachability (~> 3.2)
  - MBProgressHUD (0.9.2)
  - Reachability (3.2)

DEPENDENCIES:
  - AnalyticTD (from `../`)

EXTERNAL SOURCES:
  AnalyticTD:
    :path: "../"

SPEC CHECKSUMS:
  AnalyticTD: 1dc40569850bba1f86ea6f4490febff1ea6c262a
  BlocksKit: 7f422b971407001178d181a43b99014ea2591fe6
  GamePluginBase: f154df85a4134b2165697728bdab164aaf8681d0
  MBProgressHUD: 1569cf7ace17a8bac47aabfbb8580a49690386d1
  Reachability: 33e18b67625424e47b6cde6d202dce689ad7af96

PODFILE CHECKSUM: 7a973f1ca2107dd3c7cf5146013ac3766560c012

COCOAPODS: 1.2.1
